
Microsoft Visual Studio Solution File, Format Version 12.00
# Visual Studio 2012
Project("{FAE04EC0-301F-11D3-BF4B-00C04F79EFBC}") = "macOS_VSSecretLab", "macOS_VSSecretLab\macOS_VSSecretLab.csproj", "{0FA3F342-6581-4432-AF02-7475DD4AB98F}"
EndProject
Project("{FAE04EC0-301F-11D3-BF4B-00C04F79EFBC}") = "macOS_VSSecretLab.Tests", "macOS_VSSecretLab.Tests\macOS_VSSecretLab.Tests.csproj", "{7393C0BC-8A4E-4D4D-809D-3B0E79BFC086}"
EndProject
Global
	GlobalSection(SolutionConfigurationPlatforms) = preSolution
		Debug|Any CPU = Debug|Any CPU
		Release|Any CPU = Release|Any CPU
	EndGlobalSection
	GlobalSection(ProjectConfigurationPlatforms) = postSolution
		{0FA3F342-6581-4432-AF02-7475DD4AB98F}.Debug|Any CPU.ActiveCfg = Debug|Any CPU
		{0FA3F342-6581-4432-AF02-7475DD4AB98F}.Debug|Any CPU.Build.0 = Debug|Any CPU
		{0FA3F342-6581-4432-AF02-7475DD4AB98F}.Release|Any CPU.ActiveCfg = Release|Any CPU
		{0FA3F342-6581-4432-AF02-7475DD4AB98F}.Release|Any CPU.Build.0 = Release|Any CPU
		{7393C0BC-8A4E-4D4D-809D-3B0E79BFC086}.Debug|Any CPU.ActiveCfg = Debug|Any CPU
		{7393C0BC-8A4E-4D4D-809D-3B0E79BFC086}.Debug|Any CPU.Build.0 = Debug|Any CPU
		{7393C0BC-8A4E-4D4D-809D-3B0E79BFC086}.Release|Any CPU.ActiveCfg = Release|Any CPU
		{7393C0BC-8A4E-4D4D-809D-3B0E79BFC086}.Release|Any CPU.Build.0 = Release|Any CPU
	EndGlobalSection
EndGlobal
